
Microsoft Visual Studio Solution File, Format Version 12.00
Project("{FAE04EC0-301F-11D3-BF4B-00C04F79EFBC}") = "AdventOfCode.2021", "AdventOfCode.2021\AdventOfCode.2021.csproj", "{4B291829-839C-45F4-8582-7B7587926172}"
EndProject
Project("{FAE04EC0-301F-11D3-BF4B-00C04F79EFBC}") = "AdventOfCode.Common", "AdventOfCode.Common\AdventOfCode.Common.csproj", "{4748D1C0-4923-4452-AC16-D81C8CF5CE76}"
EndProject
Project("{FAE04EC0-301F-11D3-BF4B-00C04F79EFBC}") = "AdventOfCode.Common.Tests", "AdventOfCode.Common.Tests\AdventOfCode.Common.Tests.csproj", "{E0635754-DD9E-46F6-9232-BD2BF0486B5D}"
EndProject
Global
	GlobalSection(SolutionConfigurationPlatforms) = preSolution
		Debug|Any CPU = Debug|Any CPU
		Release|Any CPU = Release|Any CPU
	EndGlobalSection
	GlobalSection(ProjectConfigurationPlatforms) = postSolution
		{4B291829-839C-45F4-8582-7B7587926172}.Debug|Any CPU.ActiveCfg = Debug|Any CPU
		{4B291829-839C-45F4-8582-7B7587926172}.Debug|Any CPU.Build.0 = Debug|Any CPU
		{4B291829-839C-45F4-8582-7B7587926172}.Release|Any CPU.ActiveCfg = Release|Any CPU
		{4B291829-839C-45F4-8582-7B7587926172}.Release|Any CPU.Build.0 = Release|Any CPU
		{4748D1C0-4923-4452-AC16-D81C8CF5CE76}.Debug|Any CPU.ActiveCfg = Debug|Any CPU
		{4748D1C0-4923-4452-AC16-D81C8CF5CE76}.Debug|Any CPU.Build.0 = Debug|Any CPU
		{4748D1C0-4923-4452-AC16-D81C8CF5CE76}.Release|Any CPU.ActiveCfg = Release|Any CPU
		{4748D1C0-4923-4452-AC16-D81C8CF5CE76}.Release|Any CPU.Build.0 = Release|Any CPU
		{E0635754-DD9E-46F6-9232-BD2BF0486B5D}.Debug|Any CPU.ActiveCfg = Debug|Any CPU
		{E0635754-DD9E-46F6-9232-BD2BF0486B5D}.Debug|Any CPU.Build.0 = Debug|Any CPU
		{E0635754-DD9E-46F6-9232-BD2BF0486B5D}.Release|Any CPU.ActiveCfg = Release|Any CPU
		{E0635754-DD9E-46F6-9232-BD2BF0486B5D}.Release|Any CPU.Build.0 = Release|Any CPU
	EndGlobalSection
EndGlobal
